
Microsoft Visual Studio Solution File, Format Version 12.00
# Visual Studio Version 17
VisualStudioVersion = 17.0.31903.59
MinimumVisualStudioVersion = 10.0.40219.1
Project("{FAE04EC0-301F-11D3-BF4B-00C04F79EFBC}") = "ObservabilityDemo.Api", "ObservabilityDemo.Api\ObservabilityDemo.Api.csproj", "{3E4B7E6A-4B6C-4947-8472-8A16949E9E85}"
EndProject
Project("{2150E333-8FDC-42A3-9474-1A3956D46DE8}") = "Configuration", "Configuration", "{3E7FBBAF-7DD7-4E62-940A-846E04526145}"
	ProjectSection(SolutionItems) = preProject
		Configuration\grafana-datasources.yaml = Configuration\grafana-datasources.yaml
		Configuration\otel-collector-config.yaml = Configuration\otel-collector-config.yaml
		Configuration\prometheus.yaml = Configuration\prometheus.yaml
	EndProjectSection
EndProject
Project("{E53339B2-1760-4266-BCC7-CA923CBCF16C}") = "docker-compose", "docker-compose.dcproj", "{BD28C6A4-CA48-4AB3-B107-DE2DA53D0739}"
EndProject
Global
	GlobalSection(SolutionConfigurationPlatforms) = preSolution
		Debug|Any CPU = Debug|Any CPU
		Release|Any CPU = Release|Any CPU
	EndGlobalSection
	GlobalSection(ProjectConfigurationPlatforms) = postSolution
		{3E4B7E6A-4B6C-4947-8472-8A16949E9E85}.Debug|Any CPU.ActiveCfg = Debug|Any CPU
		{3E4B7E6A-4B6C-4947-8472-8A16949E9E85}.Debug|Any CPU.Build.0 = Debug|Any CPU
		{3E4B7E6A-4B6C-4947-8472-8A16949E9E85}.Release|Any CPU.ActiveCfg = Release|Any CPU
		{3E4B7E6A-4B6C-4947-8472-8A16949E9E85}.Release|Any CPU.Build.0 = Release|Any CPU
		{BD28C6A4-CA48-4AB3-B107-DE2DA53D0739}.Debug|Any CPU.ActiveCfg = Debug|Any CPU
		{BD28C6A4-CA48-4AB3-B107-DE2DA53D0739}.Debug|Any CPU.Build.0 = Debug|Any CPU
		{BD28C6A4-CA48-4AB3-B107-DE2DA53D0739}.Release|Any CPU.ActiveCfg = Release|Any CPU
		{BD28C6A4-CA48-4AB3-B107-DE2DA53D0739}.Release|Any CPU.Build.0 = Release|Any CPU
	EndGlobalSection
	GlobalSection(SolutionProperties) = preSolution
		HideSolutionNode = FALSE
	EndGlobalSection
EndGlobal
